// !$*UTF8*$!
{
	archiveVersion = 1;
	classes = {
	};
	objectVersion = 50;
	objects = {

/* Begin PBXBuildFile section */
		B1AF62832435FD1D003031B3 /* AppDelegate.m in Sources */ = {isa = PBXBuildFile; fileRef = B1AF62822435FD1D003031B3 /* AppDelegate.m */; };
		B1AF62862435FD1D003031B3 /* SceneDelegate.m in Sources */ = {isa = PBXBuildFile; fileRef = B1AF62852435FD1D003031B3 /* SceneDelegate.m */; };
		B1AF62892435FD1D003031B3 /* ViewController.m in Sources */ = {isa = PBXBuildFile; fileRef = B1AF62882435FD1D003031B3 /* ViewController.m */; };
		B1AF628C2435FD1D003031B3 /* Main.storyboard in Resources */ = {isa = PBXBuildFile; fileRef = B1AF628A2435FD1D003031B3 /* Main.storyboard */; };
		B1AF628E2435FD1F003031B3 /* Assets.xcassets in Resources */ = {isa = PBXBuildFile; fileRef = B1AF628D2435FD1F003031B3 /* Assets.xcassets */; };
		B1AF62912435FD1F003031B3 /* LaunchScreen.storyboard in Resources */ = {isa = PBXBuildFile; fileRef = B1AF628F2435FD1F003031B3 /* LaunchScreen.storyboard */; };
		B1AF62942435FD1F003031B3 /* main.m in Sources */ = {isa = PBXBuildFile; fileRef = B1AF62932435FD1F003031B3 /* main.m */; };
		B1AF629E2435FD1F003031B3 /* ObjC_UIPopoverControllerTests.m in Sources */ = {isa = PBXBuildFile; fileRef = B1AF629D2435FD1F003031B3 /* ObjC_UIPopoverControllerTests.m */; };
		B1AF62A92435FD1F003031B3 /* ObjC_UIPopoverControllerUITests.m in Sources */ = {isa = PBXBuildFile; fileRef = B1AF62A82435FD1F003031B3 /* ObjC_UIPopoverControllerUITests.m */; };
		B1AF62B82435FF50003031B3 /* DetailsViewController.m in Sources */ = {isa = PBXBuildFile; fileRef = B1AF62B72435FF50003031B3 /* DetailsViewController.m */; };
/* End PBXBuildFile section */

/* Begin PBXContainerItemProxy section */
		B1AF629A2435FD1F003031B3 /* PBXContainerItemProxy */ = {
			isa = PBXContainerItemProxy;
			containerPortal = B1AF62762435FD1D003031B3 /* Project object */;
			proxyType = 1;
			remoteGlobalIDString = B1AF627D2435FD1D003031B3;
			remoteInfo = ObjC_UIPopoverController;
		};
		B1AF62A52435FD1F003031B3 /* PBXContainerItemProxy */ = {
			isa = PBXContainerItemProxy;
			containerPortal = B1AF62762435FD1D003031B3 /* Project object */;
			proxyType = 1;
			remoteGlobalIDString = B1AF627D2435FD1D003031B3;
			remoteInfo = ObjC_UIPopoverController;
		};
/* End PBXContainerItemProxy section */

/* Begin PBXFileReference section */
		B1AF627E2435FD1D003031B3 /* ObjC_UIPopoverController.app */ = {isa = PBXFileReference; explicitFileType = wrapper.application; includeInIndex = 0; path = ObjC_UIPopoverController.app; sourceTree = BUILT_PRODUCTS_DIR; };
		B1AF62812435FD1D003031B3 /* AppDelegate.h */ = {isa = PBXFileReference; lastKnownFileType = sourcecode.c.h; path = AppDelegate.h; sourceTree = "<group>"; };
		B1AF62822435FD1D003031B3 /* AppDelegate.m */ = {isa = PBXFileReference; lastKnownFileType = sourcecode.c.objc; path = AppDelegate.m; sourceTree = "<group>"; };
		B1AF62842435FD1D003031B3 /* SceneDelegate.h */ = {isa = PBXFileReference; lastKnownFileType = sourcecode.c.h; path = SceneDelegate.h; sourceTree = "<group>"; };
		B1AF62852435FD1D003031B3 /* SceneDelegate.m */ = {isa = PBXFileReference; lastKnownFileType = sourcecode.c.objc; path = SceneDelegate.m; sourceTree = "<group>"; };
		B1AF62872435FD1D003031B3 /* ViewController.h */ = {isa = PBXFileReference; lastKnownFileType = sourcecode.c.h; path = ViewController.h; sourceTree = "<group>"; };
		B1AF62882435FD1D003031B3 /* ViewController.m */ = {isa = PBXFileReference; lastKnownFileType = sourcecode.c.objc; path = ViewController.m; sourceTree = "<group>"; };
		B1AF628B2435FD1D003031B3 /* Base */ = {isa = PBXFileReference; lastKnownFileType = file.storyboard; name = Base; path = Base.lproj/Main.storyboard; sourceTree = "<group>"; };
		B1AF628D2435FD1F003031B3 /* Assets.xcassets */ = {isa = PBXFileReference; lastKnownFileType = folder.assetcatalog; path = Assets.xcassets; sourceTree = "<group>"; };
		B1AF62902435FD1F003031B3 /* Base */ = {isa = PBXFileReference; lastKnownFileType = file.storyboard; name = Base; path = Base.lproj/LaunchScreen.storyboard; sourceTree = "<group>"; };
		B1AF62922435FD1F003031B3 /* Info.plist */ = {isa = PBXFileReference; lastKnownFileType = text.plist.xml; path = Info.plist; sourceTree = "<group>"; };
		B1AF62932435FD1F003031B3 /* main.m */ = {isa = PBXFileReference; lastKnownFileType = sourcecode.c.objc; path = main.m; sourceTree = "<group>"; };
		B1AF62992435FD1F003031B3 /* ObjC_UIPopoverControllerTests.xctest */ = {isa = PBXFileReference; explicitFileType = wrapper.cfbundle; includeInIndex = 0; path = ObjC_UIPopoverControllerTests.xctest; sourceTree = BUILT_PRODUCTS_DIR; };
		B1AF629D2435FD1F003031B3 /* ObjC_UIPopoverControllerTests.m */ = {isa = PBXFileReference; lastKnownFileType = sourcecode.c.objc; path = ObjC_UIPopoverControllerTests.m; sourceTree = "<group>"; };
		B1AF629F2435FD1F003031B3 /* Info.plist */ = {isa = PBXFileReference; lastKnownFileType = text.plist.xml; path = Info.plist; sourceTree = "<group>"; };
		B1AF62A42435FD1F003031B3 /* ObjC_UIPopoverControllerUITests.xctest */ = {isa = PBXFileReference; explicitFileType = wrapper.cfbundle; includeInIndex = 0; path = ObjC_UIPopoverControllerUITests.xctest; sourceTree = BUILT_PRODUCTS_DIR; };
		B1AF62A82435FD1F003031B3 /* ObjC_UIPopoverControllerUITests.m */ = {isa = PBXFileReference; lastKnownFileType = sourcecode.c.objc; path = ObjC_UIPopoverControllerUITests.m; sourceTree = "<group>"; };
		B1AF62AA2435FD1F003031B3 /* Info.plist */ = {isa = PBXFileReference; lastKnownFileType = text.plist.xml; path = Info.plist; sourceTree = "<group>"; };
		B1AF62B62435FF50003031B3 /* DetailsViewController.h */ = {isa = PBXFileReference; lastKnownFileType = sourcecode.c.h; path = DetailsViewController.h; sourceTree = "<group>"; };
		B1AF62B72435FF50003031B3 /* DetailsViewController.m */ = {isa = PBXFileReference; lastKnownFileType = sourcecode.c.objc; path = DetailsViewController.m; sourceTree = "<group>"; };
/* End PBXFileReference section */

/* Begin PBXFrameworksBuildPhase section */
		B1AF627B2435FD1D003031B3 /* Frameworks */ = {
			isa = PBXFrameworksBuildPhase;
			buildActionMask = 2147483647;
			files = (
			);
			runOnlyForDeploymentPostprocessing = 0;
		};
		B1AF62962435FD1F003031B3 /* Frameworks */ = {
			isa = PBXFrameworksBuildPhase;
			buildActionMask = 2147483647;
			files = (
			);
			runOnlyForDeploymentPostprocessing = 0;
		};
		B1AF62A12435FD1F003031B3 /* Frameworks */ = {
			isa = PBXFrameworksBuildPhase;
			buildActionMask = 2147483647;
			files = (
			);
			runOnlyForDeploymentPostprocessing = 0;
		};
/* End PBXFrameworksBuildPhase section */

/* Begin PBXGroup section */
		B1AF62752435FD1D003031B3 = {
			isa = PBXGroup;
			children = (
				B1AF62802435FD1D003031B3 /* ObjC_UIPopoverController */,
				B1AF629C2435FD1F003031B3 /* ObjC_UIPopoverControllerTests */,
				B1AF62A72435FD1F003031B3 /* ObjC_UIPopoverControllerUITests */,
				B1AF627F2435FD1D003031B3 /* Products */,
			);
			sourceTree = "<group>";
		};
		B1AF627F2435FD1D003031B3 /* Products */ = {
			isa = PBXGroup;
			children = (
				B1AF627E2435FD1D003031B3 /* ObjC_UIPopoverController.app */,
				B1AF62992435FD1F003031B3 /* ObjC_UIPopoverControllerTests.xctest */,
				B1AF62A42435FD1F003031B3 /* ObjC_UIPopoverControllerUITests.xctest */,
			);
			name = Products;
			sourceTree = "<group>";
		};
		B1AF62802435FD1D003031B3 /* ObjC_UIPopoverController */ = {
			isa = PBXGroup;
			children = (
				B1AF62812435FD1D003031B3 /* AppDelegate.h */,
				B1AF62822435FD1D003031B3 /* AppDelegate.m */,
				B1AF62842435FD1D003031B3 /* SceneDelegate.h */,
				B1AF62852435FD1D003031B3 /* SceneDelegate.m */,
				B1AF62872435FD1D003031B3 /* ViewController.h */,
				B1AF62882435FD1D003031B3 /* ViewController.m */,
				B1AF628A2435FD1D003031B3 /* Main.storyboard */,
				B1AF628D2435FD1F003031B3 /* Assets.xcassets */,
				B1AF628F2435FD1F003031B3 /* LaunchScreen.storyboard */,
				B1AF62922435FD1F003031B3 /* Info.plist */,
				B1AF62932435FD1F003031B3 /* main.m */,
				B1AF62B62435FF50003031B3 /* DetailsViewController.h */,
				B1AF62B72435FF50003031B3 /* DetailsViewController.m */,
			);
			path = ObjC_UIPopoverController;
			sourceTree = "<group>";
		};
		B1AF629C2435FD1F003031B3 /* ObjC_UIPopoverControllerTests */ = {
			isa = PBXGroup;
			children = (
				B1AF629D2435FD1F003031B3 /* ObjC_UIPopoverControllerTests.m */,
				B1AF629F2435FD1F003031B3 /* Info.plist */,
			);
			path = ObjC_UIPopoverControllerTests;
			sourceTree = "<group>";
		};
		B1AF62A72435FD1F003031B3 /* ObjC_UIPopoverControllerUITests */ = {
			isa = PBXGroup;
			children = (
				B1AF62A82435FD1F003031B3 /* ObjC_UIPopoverControllerUITests.m */,
				B1AF62AA2435FD1F003031B3 /* Info.plist */,
			);
			path = ObjC_UIPopoverControllerUITests;
			sourceTree = "<group>";
		};
/* End PBXGroup section */

/* Begin PBXNativeTarget section */
		B1AF627D2435FD1D003031B3 /* ObjC_UIPopoverController */ = {
			isa = PBXNativeTarget;
			buildConfigurationList = B1AF62AD2435FD1F003031B3 /* Build configuration list for PBXNativeTarget "ObjC_UIPopoverController" */;
			buildPhases = (
				B1AF627A2435FD1D003031B3 /* Sources */,
				B1AF627B2435FD1D003031B3 /* Frameworks */,
				B1AF627C2435FD1D003031B3 /* Resources */,
			);
			buildRules = (
			);
			dependencies = (
			);
			name = ObjC_UIPopoverController;
			productName = ObjC_UIPopoverController;
			productReference = B1AF627E2435FD1D003031B3 /* ObjC_UIPopoverController.app */;
			productType = "com.apple.product-type.application";
		};
		B1AF62982435FD1F003031B3 /* ObjC_UIPopoverControllerTests */ = {
			isa = PBXNativeTarget;
			buildConfigurationList = B1AF62B02435FD1F003031B3 /* Build configuration list for PBXNativeTarget "ObjC_UIPopoverControllerTests" */;
			buildPhases = (
				B1AF62952435FD1F003031B3 /* Sources */,
				B1AF62962435FD1F003031B3 /* Frameworks */,
				B1AF62972435FD1F003031B3 /* Resources */,
			);
			buildRules = (
			);
			dependencies = (
				B1AF629B2435FD1F003031B3 /* PBXTargetDependency */,
			);
			name = ObjC_UIPopoverControllerTests;
			productName = ObjC_UIPopoverControllerTests;
			productReference = B1AF62992435FD1F003031B3 /* ObjC_UIPopoverControllerTests.xctest */;
			productType = "com.apple.product-type.bundle.unit-test";
		};
		B1AF62A32435FD1F003031B3 /* ObjC_UIPopoverControllerUITests */ = {
			isa = PBXNativeTarget;
			buildConfigurationList = B1AF62B32435FD1F003031B3 /* Build configuration list for PBXNativeTarget "ObjC_UIPopoverControllerUITests" */;
			buildPhases = (
				B1AF62A02435FD1F003031B3 /* Sources */,
				B1AF62A12435FD1F003031B3 /* Frameworks */,
				B1AF62A22435FD1F003031B3 /* Resources */,
			);
			buildRules = (
			);
			dependencies = (
				B1AF62A62435FD1F003031B3 /* PBXTargetDependency */,
			);
			name = ObjC_UIPopoverControllerUITests;
			productName = ObjC_UIPopoverControllerUITests;
			productReference = B1AF62A42435FD1F003031B3 /* ObjC_UIPopoverControllerUITests.xctest */;
			productType = "com.apple.product-type.bundle.ui-testing";
		};
/* End PBXNativeTarget section */

/* Begin PBXProject section */
		B1AF62762435FD1D003031B3 /* Project object */ = {
			isa = PBXProject;
			attributes = {
				LastUpgradeCheck = 1110;
				ORGANIZATIONNAME = com.kluv.hw24;
				TargetAttributes = {
					B1AF627D2435FD1D003031B3 = {
						CreatedOnToolsVersion = 11.1;
					};
					B1AF62982435FD1F003031B3 = {
						CreatedOnToolsVersion = 11.1;
						TestTargetID = B1AF627D2435FD1D003031B3;
					};
					B1AF62A32435FD1F003031B3 = {
						CreatedOnToolsVersion = 11.1;
						TestTargetID = B1AF627D2435FD1D003031B3;
					};
				};
			};
			buildConfigurationList = B1AF62792435FD1D003031B3 /* Build configuration list for PBXProject "ObjC_UIPopoverController" */;
			compatibilityVersion = "Xcode 9.3";
			developmentRegion = en;
			hasScannedForEncodings = 0;
			knownRegions = (
				en,
				Base,
			);
			mainGroup = B1AF62752435FD1D003031B3;
			productRefGroup = B1AF627F2435FD1D003031B3 /* Products */;
			projectDirPath = "";
			projectRoot = "";
			targets = (
				B1AF627D2435FD1D003031B3 /* ObjC_UIPopoverController */,
				B1AF62982435FD1F003031B3 /* ObjC_UIPopoverControllerTests */,
				B1AF62A32435FD1F003031B3 /* ObjC_UIPopoverControllerUITests */,
			);
		};
/* End PBXProject section */

/* Begin PBXResourcesBuildPhase section */
		B1AF627C2435FD1D003031B3 /* Resources */ = {
			isa = PBXResourcesBuildPhase;
			buildActionMask = 2147483647;
			files = (
				B1AF62912435FD1F003031B3 /* LaunchScreen.storyboard in Resources */,
				B1AF628E2435FD1F003031B3 /* Assets.xcassets in Resources */,
				B1AF628C2435FD1D003031B3 /* Main.storyboard in Resources */,
			);
			runOnlyForDeploymentPostprocessing = 0;
		};
		B1AF62972435FD1F003031B3 /* Resources */ = {
			isa = PBXResourcesBuildPhase;
			buildActionMask = 2147483647;
			files = (
			);
			runOnlyForDeploymentPostprocessing = 0;
		};
		B1AF62A22435FD1F003031B3 /* Resources */ = {
			isa = PBXResourcesBuildPhase;
			buildActionMask = 2147483647;
			files = (
			);
			runOnlyForDeploymentPostprocessing = 0;
		};
/* End PBXResourcesBuildPhase section */

/* Begin PBXSourcesBuildPhase section */
		B1AF627A2435FD1D003031B3 /* Sources */ = {
			isa = PBXSourcesBuildPhase;
			buildActionMask = 2147483647;
			files = (
				B1AF62892435FD1D003031B3 /* ViewController.m in Sources */,
				B1AF62B82435FF50003031B3 /* DetailsViewController.m in Sources */,
				B1AF62832435FD1D003031B3 /* AppDelegate.m in Sources */,
				B1AF62942435FD1F003031B3 /* main.m in Sources */,
				B1AF62862435FD1D003031B3 /* SceneDelegate.m in Sources */,
			);
			runOnlyForDeploymentPostprocessing = 0;
		};
		B1AF62952435FD1F003031B3 /* Sources */ = {
			isa = PBXSourcesBuildPhase;
			buildActionMask = 2147483647;
			files = (
				B1AF629E2435FD1F003031B3 /* ObjC_UIPopoverControllerTests.m in Sources */,
			);
			runOnlyForDeploymentPostprocessing = 0;
		};
		B1AF62A02435FD1F003031B3 /* Sources */ = {
			isa = PBXSourcesBuildPhase;
			buildActionMask = 2147483647;
			files = (
				B1AF62A92435FD1F003031B3 /* ObjC_UIPopoverControllerUITests.m in Sources */,
			);
			runOnlyForDeploymentPostprocessing = 0;
		};
/* End PBXSourcesBuildPhase section */

/* Begin PBXTargetDependency section */
		B1AF629B2435FD1F003031B3 /* PBXTargetDependency */ = {
			isa = PBXTargetDependency;
			target = B1AF627D2435FD1D003031B3 /* ObjC_UIPopoverController */;
			targetProxy = B1AF629A2435FD1F003031B3 /* PBXContainerItemProxy */;
		};
		B1AF62A62435FD1F003031B3 /* PBXTargetDependency */ = {
			isa = PBXTargetDependency;
			target = B1AF627D2435FD1D003031B3 /* ObjC_UIPopoverController */;
			targetProxy = B1AF62A52435FD1F003031B3 /* PBXContainerItemProxy */;
		};
/* End PBXTargetDependency section */

/* Begin PBXVariantGroup section */
		B1AF628A2435FD1D003031B3 /* Main.storyboard */ = {
			isa = PBXVariantGroup;
			children = (
				B1AF628B2435FD1D003031B3 /* Base */,
			);
			name = Main.storyboard;
			sourceTree = "<group>";
		};
		B1AF628F2435FD1F003031B3 /* LaunchScreen.storyboard */ = {
			isa = PBXVariantGroup;
			children = (
				B1AF62902435FD1F003031B3 /* Base */,
			);
			name = LaunchScreen.storyboard;
			sourceTree = "<group>";
		};
/* End PBXVariantGroup section */

/* Begin XCBuildConfiguration section */
		B1AF62AB2435FD1F003031B3 /* Debug */ = {
			isa = XCBuildConfiguration;
			buildSettings = {
				ALWAYS_SEARCH_USER_PATHS = NO;
				CLANG_ANALYZER_NONNULL = YES;
				CLANG_ANALYZER_NUMBER_OBJECT_CONVERSION = YES_AGGRESSIVE;
				CLANG_CXX_LANGUAGE_STANDARD = "gnu++14";
				CLANG_CXX_LIBRARY = "libc++";
				CLANG_ENABLE_MODULES = YES;
				CLANG_ENABLE_OBJC_ARC = YES;
				CLANG_ENABLE_OBJC_WEAK = YES;
				CLANG_WARN_BLOCK_CAPTURE_AUTORELEASING = YES;
				CLANG_WARN_BOOL_CONVERSION = YES;
				CLANG_WARN_COMMA = YES;
				CLANG_WARN_CONSTANT_CONVERSION = YES;
				CLANG_WARN_DEPRECATED_OBJC_IMPLEMENTATIONS = YES;
				CLANG_WARN_DIRECT_OBJC_ISA_USAGE = YES_ERROR;
				CLANG_WARN_DOCUMENTATION_COMMENTS = YES;
				CLANG_WARN_EMPTY_BODY = YES;
				CLANG_WARN_ENUM_CONVERSION = YES;
				CLANG_WARN_INFINITE_RECURSION = YES;
				CLANG_WARN_INT_CONVERSION = YES;
				CLANG_WARN_NON_LITERAL_NULL_CONVERSION = YES;
				CLANG_WARN_OBJC_IMPLICIT_RETAIN_SELF = YES;
				CLANG_WARN_OBJC_LITERAL_CONVERSION = YES;
				CLANG_WARN_OBJC_ROOT_CLASS = YES_ERROR;
				CLANG_WARN_RANGE_LOOP_ANALYSIS = YES;
				CLANG_WARN_STRICT_PROTOTYPES = YES;
				CLANG_WARN_SUSPICIOUS_MOVE = YES;
				CLANG_WARN_UNGUARDED_AVAILABILITY = YES_AGGRESSIVE;
				CLANG_WARN_UNREACHABLE_CODE = YES;
				CLANG_WARN__DUPLICATE_METHOD_MATCH = YES;
				COPY_PHASE_STRIP = NO;
				DEBUG_INFORMATION_FORMAT = dwarf;
				ENABLE_STRICT_OBJC_MSGSEND = YES;
				ENABLE_TESTABILITY = YES;
				GCC_C_LANGUAGE_STANDARD = gnu11;
				GCC_DYNAMIC_NO_PIC = NO;
				GCC_NO_COMMON_BLOCKS = YES;
				GCC_OPTIMIZATION_LEVEL = 0;
				GCC_PREPROCESSOR_DEFINITIONS = (
					"DEBUG=1",
					"$(inherited)",
				);
				GCC_WARN_64_TO_32_BIT_CONVERSION = YES;
				GCC_WARN_ABOUT_RETURN_TYPE = YES_ERROR;
				GCC_WARN_UNDECLARED_SELECTOR = YES;
				GCC_WARN_UNINITIALIZED_AUTOS = YES_AGGRESSIVE;
				GCC_WARN_UNUSED_FUNCTION = YES;
				GCC_WARN_UNUSED_VARIABLE = YES;
				IPHONEOS_DEPLOYMENT_TARGET = 13.1;
				MTL_ENABLE_DEBUG_INFO = INCLUDE_SOURCE;
				MTL_FAST_MATH = YES;
				ONLY_ACTIVE_ARCH = YES;
				SDKROOT = iphoneos;
			};
			name = Debug;
		};
		B1AF62AC2435FD1F003031B3 /* Release */ = {
			isa = XCBuildConfiguration;
			buildSettings = {
				ALWAYS_SEARCH_USER_PATHS = NO;
				CLANG_ANALYZER_NONNULL = YES;
				CLANG_ANALYZER_NUMBER_OBJECT_CONVERSION = YES_AGGRESSIVE;
				CLANG_CXX_LANGUAGE_STANDARD = "gnu++14";
				CLANG_CXX_LIBRARY = "libc++";
				CLANG_ENABLE_MODULES = YES;
				CLANG_ENABLE_OBJC_ARC = YES;
				CLANG_ENABLE_OBJC_WEAK = YES;
				CLANG_WARN_BLOCK_CAPTURE_AUTORELEASING = YES;
				CLANG_WARN_BOOL_CONVERSION = YES;
				CLANG_WARN_COMMA = YES;
				CLANG_WARN_CONSTANT_CONVERSION = YES;
				CLANG_WARN_DEPRECATED_OBJC_IMPLEMENTATIONS = YES;
				CLANG_WARN_DIRECT_OBJC_ISA_USAGE = YES_ERROR;
				CLANG_WARN_DOCUMENTATION_COMMENTS = YES;
				CLANG_WARN_EMPTY_BODY = YES;
				CLANG_WARN_ENUM_CONVERSION = YES;
				CLANG_WARN_INFINITE_RECURSION = YES;
				CLANG_WARN_INT_CONVERSION = YES;
				CLANG_WARN_NON_LITERAL_NULL_CONVERSION = YES;
				CLANG_WARN_OBJC_IMPLICIT_RETAIN_SELF = YES;
				CLANG_WARN_OBJC_LITERAL_CONVERSION = YES;
				CLANG_WARN_OBJC_ROOT_CLASS = YES_ERROR;
				CLANG_WARN_RANGE_LOOP_ANALYSIS = YES;
				CLANG_WARN_STRICT_PROTOTYPES = YES;
				CLANG_WARN_SUSPICIOUS_MOVE = YES;
				CLANG_WARN_UNGUARDED_AVAILABILITY = YES_AGGRESSIVE;
				CLANG_WARN_UNREACHABLE_CODE = YES;
				CLANG_WARN__DUPLICATE_METHOD_MATCH = YES;
				COPY_PHASE_STRIP = NO;
				DEBUG_INFORMATION_FORMAT = "dwarf-with-dsym";
				ENABLE_NS_ASSERTIONS = NO;
				ENABLE_STRICT_OBJC_MSGSEND = YES;
				GCC_C_LANGUAGE_STANDARD = gnu11;
				GCC_NO_COMMON_BLOCKS = YES;
				GCC_WARN_64_TO_32_BIT_CONVERSION = YES;
				GCC_WARN_ABOUT_RETURN_TYPE = YES_ERROR;
				GCC_WARN_UNDECLARED_SELECTOR = YES;
				GCC_WARN_UNINITIALIZED_AUTOS = YES_AGGRESSIVE;
				GCC_WARN_UNUSED_FUNCTION = YES;
				GCC_WARN_UNUSED_VARIABLE = YES;
				IPHONEOS_DEPLOYMENT_TARGET = 13.1;
				MTL_ENABLE_DEBUG_INFO = NO;
				MTL_FAST_MATH = YES;
				SDKROOT = iphoneos;
				VALIDATE_PRODUCT = YES;
			};
			name = Release;
		};
		B1AF62AE2435FD1F003031B3 /* Debug */ = {
			isa = XCBuildConfiguration;
			buildSettings = {
				ASSETCATALOG_COMPILER_APPICON_NAME = AppIcon;
				CODE_SIGN_STYLE = Automatic;
				DEVELOPMENT_TEAM = DUBTL9M98H;
				INFOPLIST_FILE = ObjC_UIPopoverController/Info.plist;
				LD_RUNPATH_SEARCH_PATHS = (
					"$(inherited)",
					"@executable_path/Frameworks",
				);
				PRODUCT_BUNDLE_IDENTIFIER = "itotdel.kluv.ObjC-UIPopoverController";
				PRODUCT_NAME = "$(TARGET_NAME)";
				TARGETED_DEVICE_FAMILY = "1,2";
			};
			name = Debug;
		};
		B1AF62AF2435FD1F003031B3 /* Release */ = {
			isa = XCBuildConfiguration;
			buildSettings = {
				ASSETCATALOG_COMPILER_APPICON_NAME = AppIcon;
				CODE_SIGN_STYLE = Automatic;
				DEVELOPMENT_TEAM = DUBTL9M98H;
				INFOPLIST_FILE = ObjC_UIPopoverController/Info.plist;
				LD_RUNPATH_SEARCH_PATHS = (
					"$(inherited)",
					"@executable_path/Frameworks",
				);
				PRODUCT_BUNDLE_IDENTIFIER = "itotdel.kluv.ObjC-UIPopoverController";
				PRODUCT_NAME = "$(TARGET_NAME)";
				TARGETED_DEVICE_FAMILY = "1,2";
			};
			name = Release;
		};
		B1AF62B12435FD1F003031B3 /* Debug */ = {
			isa = XCBuildConfiguration;
			buildSettings = {
				BUNDLE_LOADER = "$(TEST_HOST)";
				CODE_SIGN_STYLE = Automatic;
				DEVELOPMENT_TEAM = DUBTL9M98H;
				INFOPLIST_FILE = ObjC_UIPopoverControllerTests/Info.plist;
				IPHONEOS_DEPLOYMENT_TARGET = 13.1;
				LD_RUNPATH_SEARCH_PATHS = (
					"$(inherited)",
					"@executable_path/Frameworks",
					"@loader_path/Frameworks",
				);
				PRODUCT_BUNDLE_IDENTIFIER = "itotdel.kluv.ObjC-UIPopoverControllerTests";
				PRODUCT_NAME = "$(TARGET_NAME)";
				TARGETED_DEVICE_FAMILY = "1,2";
				TEST_HOST = "$(BUILT_PRODUCTS_DIR)/ObjC_UIPopoverController.app/ObjC_UIPopoverController";
			};
			name = Debug;
		};
		B1AF62B22435FD1F003031B3 /* Release */ = {
			isa = XCBuildConfiguration;
			buildSettings = {
				BUNDLE_LOADER = "$(TEST_HOST)";
				CODE_SIGN_STYLE = Automatic;
				DEVELOPMENT_TEAM = DUBTL9M98H;
				INFOPLIST_FILE = ObjC_UIPopoverControllerTests/Info.plist;
				IPHONEOS_DEPLOYMENT_TARGET = 13.1;
				LD_RUNPATH_SEARCH_PATHS = (
					"$(inherited)",
					"@executable_path/Frameworks",
					"@loader_path/Frameworks",
				);
				PRODUCT_BUNDLE_IDENTIFIER = "itotdel.kluv.ObjC-UIPopoverControllerTests";
				PRODUCT_NAME = "$(TARGET_NAME)";
				TARGETED_DEVICE_FAMILY = "1,2";
				TEST_HOST = "$(BUILT_PRODUCTS_DIR)/ObjC_UIPopoverController.app/ObjC_UIPopoverController";
			};
			name = Release;
		};
		B1AF62B42435FD1F003031B3 /* Debug */ = {
			isa = XCBuildConfiguration;
			buildSettings = {
				CODE_SIGN_STYLE = Automatic;
				DEVELOPMENT_TEAM = DUBTL9M98H;
				INFOPLIST_FILE = ObjC_UIPopoverControllerUITests/Info.plist;
				LD_RUNPATH_SEARCH_PATHS = (
					"$(inherited)",
					"@executable_path/Frameworks",
					"@loader_path/Frameworks",
				);
				PRODUCT_BUNDLE_IDENTIFIER = "itotdel.kluv.ObjC-UIPopoverControllerUITests";
				PRODUCT_NAME = "$(TARGET_NAME)";
				TARGETED_DEVICE_FAMILY = "1,2";
				TEST_TARGET_NAME = ObjC_UIPopoverController;
			};
			name = Debug;
		};
		B1AF62B52435FD1F003031B3 /* Release */ = {
			isa = XCBuildConfiguration;
			buildSettings = {
				CODE_SIGN_STYLE = Automatic;
				DEVELOPMENT_TEAM = DUBTL9M98H;
				INFOPLIST_FILE = ObjC_UIPopoverControllerUITests/Info.plist;
				LD_RUNPATH_SEARCH_PATHS = (
					"$(inherited)",
					"@executable_path/Frameworks",
					"@loader_path/Frameworks",
				);
				PRODUCT_BUNDLE_IDENTIFIER = "itotdel.kluv.ObjC-UIPopoverControllerUITests";
				PRODUCT_NAME = "$(TARGET_NAME)";
				TARGETED_DEVICE_FAMILY = "1,2";
				TEST_TARGET_NAME = ObjC_UIPopoverController;
			};
			name = Release;
		};
/* End XCBuildConfiguration section */

/* Begin XCConfigurationList section */
		B1AF62792435FD1D003031B3 /* Build configuration list for PBXProject "ObjC_UIPopoverController" */ = {
			isa = XCConfigurationList;
			buildConfigurations = (
				B1AF62AB2435FD1F003031B3 /* Debug */,
				B1AF62AC2435FD1F003031B3 /* Release */,
			);
			defaultConfigurationIsVisible = 0;
			defaultConfigurationName = Release;
		};
		B1AF62AD2435FD1F003031B3 /* Build configuration list for PBXNativeTarget "ObjC_UIPopoverController" */ = {
			isa = XCConfigurationList;
			buildConfigurations = (
				B1AF62AE2435FD1F003031B3 /* Debug */,
				B1AF62AF2435FD1F003031B3 /* Release */,
			);
			defaultConfigurationIsVisible = 0;
			defaultConfigurationName = Release;
		};
		B1AF62B02435FD1F003031B3 /* Build configuration list for PBXNativeTarget "ObjC_UIPopoverControllerTests" */ = {
			isa = XCConfigurationList;
			buildConfigurations = (
				B1AF62B12435FD1F003031B3 /* Debug */,
				B1AF62B22435FD1F003031B3 /* Release */,
			);
			defaultConfigurationIsVisible = 0;
			defaultConfigurationName = Release;
		};
		B1AF62B32435FD1F003031B3 /* Build configuration list for PBXNativeTarget "ObjC_UIPopoverControllerUITests" */ = {
			isa = XCConfigurationList;
			buildConfigurations = (
				B1AF62B42435FD1F003031B3 /* Debug */,
				B1AF62B52435FD1F003031B3 /* Release */,
			);
			defaultConfigurationIsVisible = 0;
			defaultConfigurationName = Release;
		};
/* End XCConfigurationList section */
	};
	rootObject = B1AF62762435FD1D003031B3 /* Project object */;
}
